
Microsoft Visual Studio Solution File, Format Version 12.00
# Visual Studio Version 16
VisualStudioVersion = 16.0.34031.81
MinimumVisualStudioVersion = 10.0.40219.1
Project("{FAE04EC0-301F-11D3-BF4B-00C04F79EFBC}") = "Exercise 1", "Exercise 1\Exercise 1.csproj", "{A3AABBF7-78FE-464F-8C9F-302A35794095}"
EndProject
Project("{FAE04EC0-301F-11D3-BF4B-00C04F79EFBC}") = "Exercise 2", "Exercise 2\Exercise 2.csproj", "{918DA534-3125-42FF-9E71-D7D2B53EF8D7}"
EndProject
Global
	GlobalSection(SolutionConfigurationPlatforms) = preSolution
		Debug|Any CPU = Debug|Any CPU
		Release|Any CPU = Release|Any CPU
	EndGlobalSection
	GlobalSection(ProjectConfigurationPlatforms) = postSolution
		{A3AABBF7-78FE-464F-8C9F-302A35794095}.Debug|Any CPU.ActiveCfg = Debug|Any CPU
		{A3AABBF7-78FE-464F-8C9F-302A35794095}.Debug|Any CPU.Build.0 = Debug|Any CPU
		{A3AABBF7-78FE-464F-8C9F-302A35794095}.Release|Any CPU.ActiveCfg = Release|Any CPU
		{A3AABBF7-78FE-464F-8C9F-302A35794095}.Release|Any CPU.Build.0 = Release|Any CPU
		{918DA534-3125-42FF-9E71-D7D2B53EF8D7}.Debug|Any CPU.ActiveCfg = Debug|Any CPU
		{918DA534-3125-42FF-9E71-D7D2B53EF8D7}.Debug|Any CPU.Build.0 = Debug|Any CPU
		{918DA534-3125-42FF-9E71-D7D2B53EF8D7}.Release|Any CPU.ActiveCfg = Release|Any CPU
		{918DA534-3125-42FF-9E71-D7D2B53EF8D7}.Release|Any CPU.Build.0 = Release|Any CPU
	EndGlobalSection
	GlobalSection(SolutionProperties) = preSolution
		HideSolutionNode = FALSE
	EndGlobalSection
	GlobalSection(ExtensibilityGlobals) = postSolution
		SolutionGuid = {BBE5B180-B741-4954-BF0A-F8F73E0D517F}
	EndGlobalSection
EndGlobal
